// !$*UTF8*$!
{
	archiveVersion = 1;
	classes = {
	};
	objectVersion = 55;
	objects = {

/* Begin PBXBuildFile section */
		4E457E4A2827966B00A1B69F /* ImagePicker.swift in Sources */ = {isa = PBXBuildFile; fileRef = 4E457E492827966B00A1B69F /* ImagePicker.swift */; };
		4E457E4C282796A000A1B69F /* StandardSquareImagePicker.swift in Sources */ = {isa = PBXBuildFile; fileRef = 4E457E4B282796A000A1B69F /* StandardSquareImagePicker.swift */; };
		4E457E4E2827970700A1B69F /* UIImageCompressor.swift in Sources */ = {isa = PBXBuildFile; fileRef = 4E457E4D2827970700A1B69F /* UIImageCompressor.swift */; };
		4E457E5128279F6300A1B69F /* FirebaseAuth in Frameworks */ = {isa = PBXBuildFile; productRef = 4E457E5028279F6300A1B69F /* FirebaseAuth */; };
		4E457E5328279F6300A1B69F /* FirebaseAuthCombine-Community in Frameworks */ = {isa = PBXBuildFile; productRef = 4E457E5228279F6300A1B69F /* FirebaseAuthCombine-Community */; };
		4E457E5528279F6300A1B69F /* FirebaseDatabase in Frameworks */ = {isa = PBXBuildFile; productRef = 4E457E5428279F6300A1B69F /* FirebaseDatabase */; };
		4E457E5728279F6300A1B69F /* FirebaseDatabaseSwift in Frameworks */ = {isa = PBXBuildFile; productRef = 4E457E5628279F6300A1B69F /* FirebaseDatabaseSwift */; };
		4E457E5928279F6300A1B69F /* FirebaseFirestore in Frameworks */ = {isa = PBXBuildFile; productRef = 4E457E5828279F6300A1B69F /* FirebaseFirestore */; };
		4E457E5B28279F6300A1B69F /* FirebaseFirestoreCombine-Community in Frameworks */ = {isa = PBXBuildFile; productRef = 4E457E5A28279F6300A1B69F /* FirebaseFirestoreCombine-Community */; };
		4E457E5D28279F6300A1B69F /* FirebaseFirestoreSwift in Frameworks */ = {isa = PBXBuildFile; productRef = 4E457E5C28279F6300A1B69F /* FirebaseFirestoreSwift */; };
		4E457E5F2827A0A700A1B69F /* GoogleService-Info.plist in Resources */ = {isa = PBXBuildFile; fileRef = 4E457E5E2827A0A700A1B69F /* GoogleService-Info.plist */; };
		4E457E622827A38D00A1B69F /* GoogleSignIn in Frameworks */ = {isa = PBXBuildFile; productRef = 4E457E612827A38D00A1B69F /* GoogleSignIn */; };
		4E457E652827B2B300A1B69F /* ContentViewAwal.swift in Sources */ = {isa = PBXBuildFile; fileRef = 4E457E642827B2B300A1B69F /* ContentViewAwal.swift */; };
		4E68D0122827455C00F099DB /* TambahBuku.swift in Sources */ = {isa = PBXBuildFile; fileRef = 4E68D0112827455C00F099DB /* TambahBuku.swift */; };
		4ED20B752826C64300921015 /* Library_SystemApp.swift in Sources */ = {isa = PBXBuildFile; fileRef = 4ED20B742826C64300921015 /* Library_SystemApp.swift */; };
		4ED20B772826C64300921015 /* ContentView.swift in Sources */ = {isa = PBXBuildFile; fileRef = 4ED20B762826C64300921015 /* ContentView.swift */; };
		4ED20B792826C64700921015 /* Assets.xcassets in Resources */ = {isa = PBXBuildFile; fileRef = 4ED20B782826C64700921015 /* Assets.xcassets */; };
		4ED20B7C2826C64700921015 /* Preview Assets.xcassets in Resources */ = {isa = PBXBuildFile; fileRef = 4ED20B7B2826C64700921015 /* Preview Assets.xcassets */; };
		4ED20B852826C9EB00921015 /* HomePage.swift in Sources */ = {isa = PBXBuildFile; fileRef = 4ED20B842826C9EB00921015 /* HomePage.swift */; };
		4ED20B892826D03700921015 /* DetailBuku.swift in Sources */ = {isa = PBXBuildFile; fileRef = 4ED20B882826D03700921015 /* DetailBuku.swift */; };
/* End PBXBuildFile section */

/* Begin PBXFileReference section */
		4E457E492827966B00A1B69F /* ImagePicker.swift */ = {isa = PBXFileReference; lastKnownFileType = sourcecode.swift; path = ImagePicker.swift; sourceTree = "<group>"; };
		4E457E4B282796A000A1B69F /* StandardSquareImagePicker.swift */ = {isa = PBXFileReference; lastKnownFileType = sourcecode.swift; path = StandardSquareImagePicker.swift; sourceTree = "<group>"; };
		4E457E4D2827970700A1B69F /* UIImageCompressor.swift */ = {isa = PBXFileReference; lastKnownFileType = sourcecode.swift; path = UIImageCompressor.swift; sourceTree = "<group>"; };
		4E457E5E2827A0A700A1B69F /* GoogleService-Info.plist */ = {isa = PBXFileReference; fileEncoding = 4; lastKnownFileType = text.plist.xml; path = "GoogleService-Info.plist"; sourceTree = "<group>"; };
		4E457E632827ACA500A1B69F /* Library-System-Info.plist */ = {isa = PBXFileReference; lastKnownFileType = text.plist; path = "Library-System-Info.plist"; sourceTree = SOURCE_ROOT; };
		4E457E642827B2B300A1B69F /* ContentViewAwal.swift */ = {isa = PBXFileReference; lastKnownFileType = sourcecode.swift; path = ContentViewAwal.swift; sourceTree = "<group>"; };
		4E68D0112827455C00F099DB /* TambahBuku.swift */ = {isa = PBXFileReference; lastKnownFileType = sourcecode.swift; path = TambahBuku.swift; sourceTree = "<group>"; };
		4ED20B712826C64300921015 /* Library System.app */ = {isa = PBXFileReference; explicitFileType = wrapper.application; includeInIndex = 0; path = "Library System.app"; sourceTree = BUILT_PRODUCTS_DIR; };
		4ED20B742826C64300921015 /* Library_SystemApp.swift */ = {isa = PBXFileReference; lastKnownFileType = sourcecode.swift; path = Library_SystemApp.swift; sourceTree = "<group>"; };
		4ED20B762826C64300921015 /* ContentView.swift */ = {isa = PBXFileReference; lastKnownFileType = sourcecode.swift; path = ContentView.swift; sourceTree = "<group>"; };
		4ED20B782826C64700921015 /* Assets.xcassets */ = {isa = PBXFileReference; lastKnownFileType = folder.assetcatalog; path = Assets.xcassets; sourceTree = "<group>"; };
		4ED20B7B2826C64700921015 /* Preview Assets.xcassets */ = {isa = PBXFileReference; lastKnownFileType = folder.assetcatalog; path = "Preview Assets.xcassets"; sourceTree = "<group>"; };
		4ED20B842826C9EB00921015 /* HomePage.swift */ = {isa = PBXFileReference; lastKnownFileType = sourcecode.swift; path = HomePage.swift; sourceTree = "<group>"; };
		4ED20B882826D03700921015 /* DetailBuku.swift */ = {isa = PBXFileReference; lastKnownFileType = sourcecode.swift; path = DetailBuku.swift; sourceTree = "<group>"; };
/* End PBXFileReference section */

/* Begin PBXFrameworksBuildPhase section */
		4ED20B6E2826C64300921015 /* Frameworks */ = {
			isa = PBXFrameworksBuildPhase;
			buildActionMask = 2147483647;
			files = (
				4E457E5728279F6300A1B69F /* FirebaseDatabaseSwift in Frameworks */,
				4E457E622827A38D00A1B69F /* GoogleSignIn in Frameworks */,
				4E457E5528279F6300A1B69F /* FirebaseDatabase in Frameworks */,
				4E457E5128279F6300A1B69F /* FirebaseAuth in Frameworks */,
				4E457E5D28279F6300A1B69F /* FirebaseFirestoreSwift in Frameworks */,
				4E457E5B28279F6300A1B69F /* FirebaseFirestoreCombine-Community in Frameworks */,
				4E457E5928279F6300A1B69F /* FirebaseFirestore in Frameworks */,
				4E457E5328279F6300A1B69F /* FirebaseAuthCombine-Community in Frameworks */,
			);
			runOnlyForDeploymentPostprocessing = 0;
		};
/* End PBXFrameworksBuildPhase section */

/* Begin PBXGroup section */
		4ED20B682826C64300921015 = {
			isa = PBXGroup;
			children = (
				4ED20B732826C64300921015 /* Library System */,
				4ED20B722826C64300921015 /* Products */,
			);
			sourceTree = "<group>";
		};
		4ED20B722826C64300921015 /* Products */ = {
			isa = PBXGroup;
			children = (
				4ED20B712826C64300921015 /* Library System.app */,
			);
			name = Products;
			sourceTree = "<group>";
		};
		4ED20B732826C64300921015 /* Library System */ = {
			isa = PBXGroup;
			children = (
				4E457E632827ACA500A1B69F /* Library-System-Info.plist */,
				4ED20B742826C64300921015 /* Library_SystemApp.swift */,
				4ED20B762826C64300921015 /* ContentView.swift */,
				4E457E642827B2B300A1B69F /* ContentViewAwal.swift */,
				4E68D0112827455C00F099DB /* TambahBuku.swift */,
				4E457E492827966B00A1B69F /* ImagePicker.swift */,
				4E457E4B282796A000A1B69F /* StandardSquareImagePicker.swift */,
				4E457E4D2827970700A1B69F /* UIImageCompressor.swift */,
				4ED20B882826D03700921015 /* DetailBuku.swift */,
				4ED20B842826C9EB00921015 /* HomePage.swift */,
				4E457E5E2827A0A700A1B69F /* GoogleService-Info.plist */,
				4ED20B782826C64700921015 /* Assets.xcassets */,
				4ED20B7A2826C64700921015 /* Preview Content */,
			);
			path = "Library System";
			sourceTree = "<group>";
		};
		4ED20B7A2826C64700921015 /* Preview Content */ = {
			isa = PBXGroup;
			children = (
				4ED20B7B2826C64700921015 /* Preview Assets.xcassets */,
			);
			path = "Preview Content";
			sourceTree = "<group>";
		};
/* End PBXGroup section */

/* Begin PBXNativeTarget section */
		4ED20B702826C64300921015 /* Library System */ = {
			isa = PBXNativeTarget;
			buildConfigurationList = 4ED20B7F2826C64700921015 /* Build configuration list for PBXNativeTarget "Library System" */;
			buildPhases = (
				4ED20B6D2826C64300921015 /* Sources */,
				4ED20B6E2826C64300921015 /* Frameworks */,
				4ED20B6F2826C64300921015 /* Resources */,
			);
			buildRules = (
			);
			dependencies = (
			);
			name = "Library System";
			packageProductDependencies = (
				4E457E5028279F6300A1B69F /* FirebaseAuth */,
				4E457E5228279F6300A1B69F /* FirebaseAuthCombine-Community */,
				4E457E5428279F6300A1B69F /* FirebaseDatabase */,
				4E457E5628279F6300A1B69F /* FirebaseDatabaseSwift */,
				4E457E5828279F6300A1B69F /* FirebaseFirestore */,
				4E457E5A28279F6300A1B69F /* FirebaseFirestoreCombine-Community */,
				4E457E5C28279F6300A1B69F /* FirebaseFirestoreSwift */,
				4E457E612827A38D00A1B69F /* GoogleSignIn */,
			);
			productName = "Library System";
			productReference = 4ED20B712826C64300921015 /* Library System.app */;
			productType = "com.apple.product-type.application";
		};
/* End PBXNativeTarget section */

/* Begin PBXProject section */
		4ED20B692826C64300921015 /* Project object */ = {
			isa = PBXProject;
			attributes = {
				BuildIndependentTargetsInParallel = 1;
				LastSwiftUpdateCheck = 1330;
				LastUpgradeCheck = 1330;
				TargetAttributes = {
					4ED20B702826C64300921015 = {
						CreatedOnToolsVersion = 13.3.1;
					};
				};
			};
			buildConfigurationList = 4ED20B6C2826C64300921015 /* Build configuration list for PBXProject "Library System" */;
			compatibilityVersion = "Xcode 13.0";
			developmentRegion = en;
			hasScannedForEncodings = 0;
			knownRegions = (
				en,
				Base,
			);
			mainGroup = 4ED20B682826C64300921015;
			packageReferences = (
				4E457E4F28279F6300A1B69F /* XCRemoteSwiftPackageReference "firebase-ios-sdk" */,
				4E457E602827A38D00A1B69F /* XCRemoteSwiftPackageReference "GoogleSignIn-iOS" */,
			);
			productRefGroup = 4ED20B722826C64300921015 /* Products */;
			projectDirPath = "";
			projectRoot = "";
			targets = (
				4ED20B702826C64300921015 /* Library System */,
			);
		};
/* End PBXProject section */

/* Begin PBXResourcesBuildPhase section */
		4ED20B6F2826C64300921015 /* Resources */ = {
			isa = PBXResourcesBuildPhase;
			buildActionMask = 2147483647;
			files = (
				4ED20B7C2826C64700921015 /* Preview Assets.xcassets in Resources */,
				4ED20B792826C64700921015 /* Assets.xcassets in Resources */,
				4E457E5F2827A0A700A1B69F /* GoogleService-Info.plist in Resources */,
			);
			runOnlyForDeploymentPostprocessing = 0;
		};
/* End PBXResourcesBuildPhase section */

/* Begin PBXSourcesBuildPhase section */
		4ED20B6D2826C64300921015 /* Sources */ = {
			isa = PBXSourcesBuildPhase;
			buildActionMask = 2147483647;
			files = (
				4E457E4E2827970700A1B69F /* UIImageCompressor.swift in Sources */,
				4E457E652827B2B300A1B69F /* ContentViewAwal.swift in Sources */,
				4E457E4C282796A000A1B69F /* StandardSquareImagePicker.swift in Sources */,
				4ED20B772826C64300921015 /* ContentView.swift in Sources */,
				4E68D0122827455C00F099DB /* TambahBuku.swift in Sources */,
				4ED20B892826D03700921015 /* DetailBuku.swift in Sources */,
				4E457E4A2827966B00A1B69F /* ImagePicker.swift in Sources */,
				4ED20B852826C9EB00921015 /* HomePage.swift in Sources */,
				4ED20B752826C64300921015 /* Library_SystemApp.swift in Sources */,
			);
			runOnlyForDeploymentPostprocessing = 0;
		};
/* End PBXSourcesBuildPhase section */

/* Begin XCBuildConfiguration section */
		4ED20B7D2826C64700921015 /* Debug */ = {
			isa = XCBuildConfiguration;
			buildSettings = {
				ALWAYS_SEARCH_USER_PATHS = NO;
				CLANG_ANALYZER_NONNULL = YES;
				CLANG_ANALYZER_NUMBER_OBJECT_CONVERSION = YES_AGGRESSIVE;
				CLANG_CXX_LANGUAGE_STANDARD = "gnu++17";
				CLANG_ENABLE_MODULES = YES;
				CLANG_ENABLE_OBJC_ARC = YES;
				CLANG_ENABLE_OBJC_WEAK = YES;
				CLANG_WARN_BLOCK_CAPTURE_AUTORELEASING = YES;
				CLANG_WARN_BOOL_CONVERSION = YES;
				CLANG_WARN_COMMA = YES;
				CLANG_WARN_CONSTANT_CONVERSION = YES;
				CLANG_WARN_DEPRECATED_OBJC_IMPLEMENTATIONS = YES;
				CLANG_WARN_DIRECT_OBJC_ISA_USAGE = YES_ERROR;
				CLANG_WARN_DOCUMENTATION_COMMENTS = YES;
				CLANG_WARN_EMPTY_BODY = YES;
				CLANG_WARN_ENUM_CONVERSION = YES;
				CLANG_WARN_INFINITE_RECURSION = YES;
				CLANG_WARN_INT_CONVERSION = YES;
				CLANG_WARN_NON_LITERAL_NULL_CONVERSION = YES;
				CLANG_WARN_OBJC_IMPLICIT_RETAIN_SELF = YES;
				CLANG_WARN_OBJC_LITERAL_CONVERSION = YES;
				CLANG_WARN_OBJC_ROOT_CLASS = YES_ERROR;
				CLANG_WARN_QUOTED_INCLUDE_IN_FRAMEWORK_HEADER = YES;
				CLANG_WARN_RANGE_LOOP_ANALYSIS = YES;
				CLANG_WARN_STRICT_PROTOTYPES = YES;
				CLANG_WARN_SUSPICIOUS_MOVE = YES;
				CLANG_WARN_UNGUARDED_AVAILABILITY = YES_AGGRESSIVE;
				CLANG_WARN_UNREACHABLE_CODE = YES;
				CLANG_WARN__DUPLICATE_METHOD_MATCH = YES;
				COPY_PHASE_STRIP = NO;
				DEBUG_INFORMATION_FORMAT = dwarf;
				ENABLE_STRICT_OBJC_MSGSEND = YES;
				ENABLE_TESTABILITY = YES;
				GCC_C_LANGUAGE_STANDARD = gnu11;
				GCC_DYNAMIC_NO_PIC = NO;
				GCC_NO_COMMON_BLOCKS = YES;
				GCC_OPTIMIZATION_LEVEL = 0;
				GCC_PREPROCESSOR_DEFINITIONS = (
					"DEBUG=1",
					"$(inherited)",
				);
				GCC_WARN_64_TO_32_BIT_CONVERSION = YES;
				GCC_WARN_ABOUT_RETURN_TYPE = YES_ERROR;
				GCC_WARN_UNDECLARED_SELECTOR = YES;
				GCC_WARN_UNINITIALIZED_AUTOS = YES_AGGRESSIVE;
				GCC_WARN_UNUSED_FUNCTION = YES;
				GCC_WARN_UNUSED_VARIABLE = YES;
				IPHONEOS_DEPLOYMENT_TARGET = 15.4;
				MTL_ENABLE_DEBUG_INFO = INCLUDE_SOURCE;
				MTL_FAST_MATH = YES;
				ONLY_ACTIVE_ARCH = YES;
				SDKROOT = iphoneos;
				SWIFT_ACTIVE_COMPILATION_CONDITIONS = DEBUG;
				SWIFT_OPTIMIZATION_LEVEL = "-Onone";
			};
			name = Debug;
		};
		4ED20B7E2826C64700921015 /* Release */ = {
			isa = XCBuildConfiguration;
			buildSettings = {
				ALWAYS_SEARCH_USER_PATHS = NO;
				CLANG_ANALYZER_NONNULL = YES;
				CLANG_ANALYZER_NUMBER_OBJECT_CONVERSION = YES_AGGRESSIVE;
				CLANG_CXX_LANGUAGE_STANDARD = "gnu++17";
				CLANG_ENABLE_MODULES = YES;
				CLANG_ENABLE_OBJC_ARC = YES;
				CLANG_ENABLE_OBJC_WEAK = YES;
				CLANG_WARN_BLOCK_CAPTURE_AUTORELEASING = YES;
				CLANG_WARN_BOOL_CONVERSION = YES;
				CLANG_WARN_COMMA = YES;
				CLANG_WARN_CONSTANT_CONVERSION = YES;
				CLANG_WARN_DEPRECATED_OBJC_IMPLEMENTATIONS = YES;
				CLANG_WARN_DIRECT_OBJC_ISA_USAGE = YES_ERROR;
				CLANG_WARN_DOCUMENTATION_COMMENTS = YES;
				CLANG_WARN_EMPTY_BODY = YES;
				CLANG_WARN_ENUM_CONVERSION = YES;
				CLANG_WARN_INFINITE_RECURSION = YES;
				CLANG_WARN_INT_CONVERSION = YES;
				CLANG_WARN_NON_LITERAL_NULL_CONVERSION = YES;
				CLANG_WARN_OBJC_IMPLICIT_RETAIN_SELF = YES;
				CLANG_WARN_OBJC_LITERAL_CONVERSION = YES;
				CLANG_WARN_OBJC_ROOT_CLASS = YES_ERROR;
				CLANG_WARN_QUOTED_INCLUDE_IN_FRAMEWORK_HEADER = YES;
				CLANG_WARN_RANGE_LOOP_ANALYSIS = YES;
				CLANG_WARN_STRICT_PROTOTYPES = YES;
				CLANG_WARN_SUSPICIOUS_MOVE = YES;
				CLANG_WARN_UNGUARDED_AVAILABILITY = YES_AGGRESSIVE;
				CLANG_WARN_UNREACHABLE_CODE = YES;
				CLANG_WARN__DUPLICATE_METHOD_MATCH = YES;
				COPY_PHASE_STRIP = NO;
				DEBUG_INFORMATION_FORMAT = "dwarf-with-dsym";
				ENABLE_NS_ASSERTIONS = NO;
				ENABLE_STRICT_OBJC_MSGSEND = YES;
				GCC_C_LANGUAGE_STANDARD = gnu11;
				GCC_NO_COMMON_BLOCKS = YES;
				GCC_WARN_64_TO_32_BIT_CONVERSION = YES;
				GCC_WARN_ABOUT_RETURN_TYPE = YES_ERROR;
				GCC_WARN_UNDECLARED_SELECTOR = YES;
				GCC_WARN_UNINITIALIZED_AUTOS = YES_AGGRESSIVE;
				GCC_WARN_UNUSED_FUNCTION = YES;
				GCC_WARN_UNUSED_VARIABLE = YES;
				IPHONEOS_DEPLOYMENT_TARGET = 15.4;
				MTL_ENABLE_DEBUG_INFO = NO;
				MTL_FAST_MATH = YES;
				SDKROOT = iphoneos;
				SWIFT_COMPILATION_MODE = wholemodule;
				SWIFT_OPTIMIZATION_LEVEL = "-O";
				VALIDATE_PRODUCT = YES;
			};
			name = Release;
		};
		4ED20B802826C64700921015 /* Debug */ = {
			isa = XCBuildConfiguration;
			buildSettings = {
				ASSETCATALOG_COMPILER_APPICON_NAME = AppIcon;
				ASSETCATALOG_COMPILER_GLOBAL_ACCENT_COLOR_NAME = AccentColor;
				CODE_SIGN_STYLE = Automatic;
				CURRENT_PROJECT_VERSION = 1;
				DEVELOPMENT_ASSET_PATHS = "\"Library System/Preview Content\"";
				ENABLE_PREVIEWS = YES;
				GENERATE_INFOPLIST_FILE = YES;
				INFOPLIST_FILE = "Library-System-Info.plist";
				INFOPLIST_KEY_UIApplicationSceneManifest_Generation = YES;
				INFOPLIST_KEY_UIApplicationSupportsIndirectInputEvents = YES;
				INFOPLIST_KEY_UILaunchScreen_Generation = YES;
				INFOPLIST_KEY_UISupportedInterfaceOrientations_iPad = "UIInterfaceOrientationPortrait UIInterfaceOrientationPortraitUpsideDown UIInterfaceOrientationLandscapeLeft UIInterfaceOrientationLandscapeRight";
				INFOPLIST_KEY_UISupportedInterfaceOrientations_iPhone = "UIInterfaceOrientationPortrait UIInterfaceOrientationLandscapeLeft UIInterfaceOrientationLandscapeRight";
				LD_RUNPATH_SEARCH_PATHS = (
					"$(inherited)",
					"@executable_path/Frameworks",
				);
				MARKETING_VERSION = 1.0;
				PRODUCT_BUNDLE_IDENTIFIER = "com.Tech2.Library-System";
				PRODUCT_NAME = "$(TARGET_NAME)";
				SWIFT_EMIT_LOC_STRINGS = YES;
				SWIFT_VERSION = 5.0;
				TARGETED_DEVICE_FAMILY = "1,2";
			};
			name = Debug;
		};
		4ED20B812826C64700921015 /* Release */ = {
			isa = XCBuildConfiguration;
			buildSettings = {
				ASSETCATALOG_COMPILER_APPICON_NAME = AppIcon;
				ASSETCATALOG_COMPILER_GLOBAL_ACCENT_COLOR_NAME = AccentColor;
				CODE_SIGN_STYLE = Automatic;
				CURRENT_PROJECT_VERSION = 1;
				DEVELOPMENT_ASSET_PATHS = "\"Library System/Preview Content\"";
				ENABLE_PREVIEWS = YES;
				GENERATE_INFOPLIST_FILE = YES;
				INFOPLIST_FILE = "Library-System-Info.plist";
				INFOPLIST_KEY_UIApplicationSceneManifest_Generation = YES;
				INFOPLIST_KEY_UIApplicationSupportsIndirectInputEvents = YES;
				INFOPLIST_KEY_UILaunchScreen_Generation = YES;
				INFOPLIST_KEY_UISupportedInterfaceOrientations_iPad = "UIInterfaceOrientationPortrait UIInterfaceOrientationPortraitUpsideDown UIInterfaceOrientationLandscapeLeft UIInterfaceOrientationLandscapeRight";
				INFOPLIST_KEY_UISupportedInterfaceOrientations_iPhone = "UIInterfaceOrientationPortrait UIInterfaceOrientationLandscapeLeft UIInterfaceOrientationLandscapeRight";
				LD_RUNPATH_SEARCH_PATHS = (
					"$(inherited)",
					"@executable_path/Frameworks",
				);
				MARKETING_VERSION = 1.0;
				PRODUCT_BUNDLE_IDENTIFIER = "com.Tech2.Library-System";
				PRODUCT_NAME = "$(TARGET_NAME)";
				SWIFT_EMIT_LOC_STRINGS = YES;
				SWIFT_VERSION = 5.0;
				TARGETED_DEVICE_FAMILY = "1,2";
			};
			name = Release;
		};
/* End XCBuildConfiguration section */

/* Begin XCConfigurationList section */
		4ED20B6C2826C64300921015 /* Build configuration list for PBXProject "Library System" */ = {
			isa = XCConfigurationList;
			buildConfigurations = (
				4ED20B7D2826C64700921015 /* Debug */,
				4ED20B7E2826C64700921015 /* Release */,
			);
			defaultConfigurationIsVisible = 0;
			defaultConfigurationName = Release;
		};
		4ED20B7F2826C64700921015 /* Build configuration list for PBXNativeTarget "Library System" */ = {
			isa = XCConfigurationList;
			buildConfigurations = (
				4ED20B802826C64700921015 /* Debug */,
				4ED20B812826C64700921015 /* Release */,
			);
			defaultConfigurationIsVisible = 0;
			defaultConfigurationName = Release;
		};
/* End XCConfigurationList section */

/* Begin XCRemoteSwiftPackageReference section */
		4E457E4F28279F6300A1B69F /* XCRemoteSwiftPackageReference "firebase-ios-sdk" */ = {
			isa = XCRemoteSwiftPackageReference;
			repositoryURL = "https://github.com/firebase/firebase-ios-sdk";
			requirement = {
				kind = upToNextMajorVersion;
				minimumVersion = 9.0.0;
			};
		};
		4E457E602827A38D00A1B69F /* XCRemoteSwiftPackageReference "GoogleSignIn-iOS" */ = {
			isa = XCRemoteSwiftPackageReference;
			repositoryURL = "https://github.com/google/GoogleSignIn-iOS";
			requirement = {
				kind = upToNextMajorVersion;
				minimumVersion = 6.0.0;
			};
		};
/* End XCRemoteSwiftPackageReference section */

/* Begin XCSwiftPackageProductDependency section */
		4E457E5028279F6300A1B69F /* FirebaseAuth */ = {
			isa = XCSwiftPackageProductDependency;
			package = 4E457E4F28279F6300A1B69F /* XCRemoteSwiftPackageReference "firebase-ios-sdk" */;
			productName = FirebaseAuth;
		};
		4E457E5228279F6300A1B69F /* FirebaseAuthCombine-Community */ = {
			isa = XCSwiftPackageProductDependency;
			package = 4E457E4F28279F6300A1B69F /* XCRemoteSwiftPackageReference "firebase-ios-sdk" */;
			productName = "FirebaseAuthCombine-Community";
		};
		4E457E5428279F6300A1B69F /* FirebaseDatabase */ = {
			isa = XCSwiftPackageProductDependency;
			package = 4E457E4F28279F6300A1B69F /* XCRemoteSwiftPackageReference "firebase-ios-sdk" */;
			productName = FirebaseDatabase;
		};
		4E457E5628279F6300A1B69F /* FirebaseDatabaseSwift */ = {
			isa = XCSwiftPackageProductDependency;
			package = 4E457E4F28279F6300A1B69F /* XCRemoteSwiftPackageReference "firebase-ios-sdk" */;
			productName = FirebaseDatabaseSwift;
		};
		4E457E5828279F6300A1B69F /* FirebaseFirestore */ = {
			isa = XCSwiftPackageProductDependency;
			package = 4E457E4F28279F6300A1B69F /* XCRemoteSwiftPackageReference "firebase-ios-sdk" */;
			productName = FirebaseFirestore;
		};
		4E457E5A28279F6300A1B69F /* FirebaseFirestoreCombine-Community */ = {
			isa = XCSwiftPackageProductDependency;
			package = 4E457E4F28279F6300A1B69F /* XCRemoteSwiftPackageReference "firebase-ios-sdk" */;
			productName = "FirebaseFirestoreCombine-Community";
		};
		4E457E5C28279F6300A1B69F /* FirebaseFirestoreSwift */ = {
			isa = XCSwiftPackageProductDependency;
			package = 4E457E4F28279F6300A1B69F /* XCRemoteSwiftPackageReference "firebase-ios-sdk" */;
			productName = FirebaseFirestoreSwift;
		};
		4E457E612827A38D00A1B69F /* GoogleSignIn */ = {
			isa = XCSwiftPackageProductDependency;
			package = 4E457E602827A38D00A1B69F /* XCRemoteSwiftPackageReference "GoogleSignIn-iOS" */;
			productName = GoogleSignIn;
		};
/* End XCSwiftPackageProductDependency section */
	};
	rootObject = 4ED20B692826C64300921015 /* Project object */;
}
